
Microsoft Visual Studio Solution File, Format Version 12.00
# Visual Studio Version 16
VisualStudioVersion = 16.0.31624.102
MinimumVisualStudioVersion = 10.0.40219.1
Project("{FAE04EC0-301F-11D3-BF4B-00C04F79EFBC}") = "MuskanChildrenHospitalApp", "MuskanChildrenHospitalApp\MuskanChildrenHospitalApp.csproj", "{0129723D-7D16-47DB-8736-1963B4581CEE}"
EndProject
Global
	GlobalSection(SolutionConfigurationPlatforms) = preSolution
		Debug|Any CPU = Debug|Any CPU
		Release|Any CPU = Release|Any CPU
	EndGlobalSection
	GlobalSection(ProjectConfigurationPlatforms) = postSolution
		{0129723D-7D16-47DB-8736-1963B4581CEE}.Debug|Any CPU.ActiveCfg = Debug|Any CPU
		{0129723D-7D16-47DB-8736-1963B4581CEE}.Debug|Any CPU.Build.0 = Debug|Any CPU
		{0129723D-7D16-47DB-8736-1963B4581CEE}.Release|Any CPU.ActiveCfg = Release|Any CPU
		{0129723D-7D16-47DB-8736-1963B4581CEE}.Release|Any CPU.Build.0 = Release|Any CPU
	EndGlobalSection
	GlobalSection(SolutionProperties) = preSolution
		HideSolutionNode = FALSE
	EndGlobalSection
	GlobalSection(ExtensibilityGlobals) = postSolution
		SolutionGuid = {2978392D-67CC-4110-9E79-70DCA3348B56}
	EndGlobalSection
EndGlobal
